
Microsoft Visual Studio Solution File, Format Version 12.00
# Visual Studio Version 17
VisualStudioVersion = 17.14.36429.23 d17.14
MinimumVisualStudioVersion = 10.0.40219.1
Project("{2150E333-8FDC-42A3-9474-1A3956D46DE8}") = "Task0", "Task0", "{02EA681E-C7D8-13C7-8484-4AC65E1B71E8}"
EndProject
Project("{FAE04EC0-301F-11D3-BF4B-00C04F79EFBC}") = "Tyuiu.GnidenkoPA.Sprint1.Task0.V6.Test", "Tyuiu.GnidenkoPA.Sprint1.Task0.V6.Test\Tyuiu.GnidenkoPA.Sprint1.Task0.V6.Test.csproj", "{94050F14-A711-4D10-A7C9-DFFBFDC9EFB9}"
EndProject
Project("{FAE04EC0-301F-11D3-BF4B-00C04F79EFBC}") = "Tyuiu.GnidenkoPA.Sprint1.Task0.V6", "Tyuiu.GnidenkoPA.Sprint1.Task0.V6\Tyuiu.GnidenkoPA.Sprint1.Task0.V6.csproj", "{F876A666-685B-4B73-9FAC-6741ED73C9C1}"
EndProject
Project("{FAE04EC0-301F-11D3-BF4B-00C04F79EFBC}") = "Tyuiu.GnidenkoPA.Sprint1.Task0.V6.Lib", "Tyuiu.GnidenkoPA.Sprint1.Task0.V6.Lib\Tyuiu.GnidenkoPA.Sprint1.Task0.V6.Lib.csproj", "{E5F9F0B9-9230-4273-910D-20790B84F0FF}"
EndProject
Project("{2150E333-8FDC-42A3-9474-1A3956D46DE8}") = "Task1", "Task1", "{4F1089A9-3DA2-4FB6-B4B7-269908CF46DA}"
EndProject
Project("{2150E333-8FDC-42A3-9474-1A3956D46DE8}") = "Task2", "Task2", "{5758E679-54A8-489B-A0E5-146E70EF58EB}"
EndProject
Project("{FAE04EC0-301F-11D3-BF4B-00C04F79EFBC}") = "Tyuiu.GnidenkoPA.Sprint1.Task2.V19.Lib", "Tyuiu.GnidenkoPA.Sprint1.Task2.V19.Lib\Tyuiu.GnidenkoPA.Sprint1.Task2.V19.Lib.csproj", "{76A50AB3-1B94-4128-9642-861A4F67B80D}"
EndProject
Project("{FAE04EC0-301F-11D3-BF4B-00C04F79EFBC}") = "Tyuiu.GnidenkoPA.Sprint1.Task2.V19", "Tyuiu.GnidenkoPA.Sprint1.Task2.V19\Tyuiu.GnidenkoPA.Sprint1.Task2.V19.csproj", "{E2418140-816A-4A96-A962-88FF8D860685}"
EndProject
Project("{FAE04EC0-301F-11D3-BF4B-00C04F79EFBC}") = "Tyuiu.GnidenkoPA.Sprint1.Task2.V19.Test", "Tyuiu.GnidenkoPA.Sprint1.Task2.V19.Test\Tyuiu.GnidenkoPA.Sprint1.Task2.V19.Test.csproj", "{4408C819-FA5F-46D3-AE72-F7E9358F6335}"
EndProject
Project("{2150E333-8FDC-42A3-9474-1A3956D46DE8}") = "Task3", "Task3", "{E5EBBCDC-94C8-496D-B9A7-A91CFEDA9930}"
EndProject
Project("{FAE04EC0-301F-11D3-BF4B-00C04F79EFBC}") = "Tyuiu.GnidenkoPA.Sprint1.Task3.V15.Test", "Tyuiu.GnidenkoPA.Sprint1.Task3.V15.Test\Tyuiu.GnidenkoPA.Sprint1.Task3.V15.Test.csproj", "{7B7FC7BE-29F2-48E3-BFC6-4EBACAD91145}"
EndProject
Project("{FAE04EC0-301F-11D3-BF4B-00C04F79EFBC}") = "Tyuiu.GnidenkoPA.Sprint1.Task3.V15", "Tyuiu.GnidenkoPA.Sprint1.Task3.V15\Tyuiu.GnidenkoPA.Sprint1.Task3.V15.csproj", "{A90D99B6-1208-43E8-8C6F-105450C31EDF}"
EndProject
Project("{FAE04EC0-301F-11D3-BF4B-00C04F79EFBC}") = "Tyuiu.GnidenkoPA.Sprint1.Task3.V15.Lib", "Tyuiu.GnidenkoPA.Sprint1.Task3.V15.Lib\Tyuiu.GnidenkoPA.Sprint1.Task3.V15.Lib.csproj", "{B9560CE5-09D8-400A-BAA0-616C5A30D6B1}"
EndProject
Project("{2150E333-8FDC-42A3-9474-1A3956D46DE8}") = "Task4", "Task4", "{107CD192-4199-4AD7-AF13-67A028B950F5}"
EndProject
Project("{FAE04EC0-301F-11D3-BF4B-00C04F79EFBC}") = "Tyuiu.GnidenkoPA.Sprint1.Task4.V24.Lib", "Tyuiu.GnidenkoPA.Sprint1.Task4.V24.Lib\Tyuiu.GnidenkoPA.Sprint1.Task4.V24.Lib.csproj", "{7208D26A-69EC-43A9-B2A9-CB0C914BFDD0}"
EndProject
Project("{FAE04EC0-301F-11D3-BF4B-00C04F79EFBC}") = "Tyuiu.GnidenkoPA.Sprint1.Task4.V24", "Tyuiu.GnidenkoPA.Sprint1.Task4.V24\Tyuiu.GnidenkoPA.Sprint1.Task4.V24.csproj", "{5B667000-1357-44D0-A254-8BBC056481D6}"
EndProject
Project("{FAE04EC0-301F-11D3-BF4B-00C04F79EFBC}") = "Tyuiu.GnidenkoPA.Sprint1.Task4.V24.Test", "Tyuiu.GnidenkoPA.Sprint1.Task4.V24.Test\Tyuiu.GnidenkoPA.Sprint1.Task4.V24.Test.csproj", "{EED3B3FB-BBFC-4254-8CEB-995B21CF05E8}"
EndProject
Project("{2150E333-8FDC-42A3-9474-1A3956D46DE8}") = "Task5", "Task5", "{7E1F77C8-EC1F-46AB-81C3-3FBCE8B68E51}"
EndProject
Project("{FAE04EC0-301F-11D3-BF4B-00C04F79EFBC}") = "Tyuiu.GnidenkoPA.Sprint1.Task5.V2.Test", "Tyuiu.GnidenkoPA.Sprint1.Task5.V2.Test\Tyuiu.GnidenkoPA.Sprint1.Task5.V2.Test.csproj", "{114AB11D-0428-4109-B96E-09A63851DAF1}"
EndProject
Project("{FAE04EC0-301F-11D3-BF4B-00C04F79EFBC}") = "Tyuiu.GnidenkoPA.Sprint1.Task5.V2", "Tyuiu.GnidenkoPA.Sprint1.Task5.V2\Tyuiu.GnidenkoPA.Sprint1.Task5.V2.csproj", "{A7FE1DBE-00D0-4F2D-9382-92A366516B1A}"
EndProject
Project("{FAE04EC0-301F-11D3-BF4B-00C04F79EFBC}") = "Tyuiu.GnidenkoPA.Sprint1.Task5.V2.Lib", "Tyuiu.GnidenkoPA.Sprint1.Task5.V2.Lib\Tyuiu.GnidenkoPA.Sprint1.Task5.V2.Lib.csproj", "{7943E105-E2F0-47AC-81F7-15F60073B17E}"
EndProject
Project("{2150E333-8FDC-42A3-9474-1A3956D46DE8}") = "Task6", "Task6", "{63F8924E-5119-44F9-ABAE-455165D439A9}"
EndProject
Project("{FAE04EC0-301F-11D3-BF4B-00C04F79EFBC}") = "Tyuiu.GnidenkoPA.Sprint1.Task6.V15.Lib", "Tyuiu.GnidenkoPA.Sprint1.Task6.V15.Lib\Tyuiu.GnidenkoPA.Sprint1.Task6.V15.Lib.csproj", "{AEE74CA4-81B7-47B7-98C7-54344935A10D}"
EndProject
Project("{FAE04EC0-301F-11D3-BF4B-00C04F79EFBC}") = "Tyuiu.GnidenkoPA.Sprint1.Task6.V15", "Tyuiu.GnidenkoPA.Sprint1.Task6.V15\Tyuiu.GnidenkoPA.Sprint1.Task6.V15.csproj", "{F7C0421F-B650-47D4-A9A5-334E52008967}"
EndProject
Project("{FAE04EC0-301F-11D3-BF4B-00C04F79EFBC}") = "Tyuiu.GnidenkoPA.Sprint1.Task6.V15.Test", "Tyuiu.GnidenkoPA.Sprint1.Task6.V15.Test\Tyuiu.GnidenkoPA.Sprint1.Task6.V15.Test.csproj", "{4427DBE7-6734-45BE-B2BA-92F80023B096}"
EndProject
Global
	GlobalSection(SolutionConfigurationPlatforms) = preSolution
		Debug|Any CPU = Debug|Any CPU
		Release|Any CPU = Release|Any CPU
	EndGlobalSection
	GlobalSection(ProjectConfigurationPlatforms) = postSolution
		{94050F14-A711-4D10-A7C9-DFFBFDC9EFB9}.Debug|Any CPU.ActiveCfg = Debug|Any CPU
		{94050F14-A711-4D10-A7C9-DFFBFDC9EFB9}.Debug|Any CPU.Build.0 = Debug|Any CPU
		{94050F14-A711-4D10-A7C9-DFFBFDC9EFB9}.Release|Any CPU.ActiveCfg = Release|Any CPU
		{94050F14-A711-4D10-A7C9-DFFBFDC9EFB9}.Release|Any CPU.Build.0 = Release|Any CPU
		{F876A666-685B-4B73-9FAC-6741ED73C9C1}.Debug|Any CPU.ActiveCfg = Debug|Any CPU
		{F876A666-685B-4B73-9FAC-6741ED73C9C1}.Debug|Any CPU.Build.0 = Debug|Any CPU
		{F876A666-685B-4B73-9FAC-6741ED73C9C1}.Release|Any CPU.ActiveCfg = Release|Any CPU
		{F876A666-685B-4B73-9FAC-6741ED73C9C1}.Release|Any CPU.Build.0 = Release|Any CPU
		{E5F9F0B9-9230-4273-910D-20790B84F0FF}.Debug|Any CPU.ActiveCfg = Debug|Any CPU
		{E5F9F0B9-9230-4273-910D-20790B84F0FF}.Debug|Any CPU.Build.0 = Debug|Any CPU
		{E5F9F0B9-9230-4273-910D-20790B84F0FF}.Release|Any CPU.ActiveCfg = Release|Any CPU
		{E5F9F0B9-9230-4273-910D-20790B84F0FF}.Release|Any CPU.Build.0 = Release|Any CPU
		{76A50AB3-1B94-4128-9642-861A4F67B80D}.Debug|Any CPU.ActiveCfg = Debug|Any CPU
		{76A50AB3-1B94-4128-9642-861A4F67B80D}.Debug|Any CPU.Build.0 = Debug|Any CPU
		{76A50AB3-1B94-4128-9642-861A4F67B80D}.Release|Any CPU.ActiveCfg = Release|Any CPU
		{76A50AB3-1B94-4128-9642-861A4F67B80D}.Release|Any CPU.Build.0 = Release|Any CPU
		{E2418140-816A-4A96-A962-88FF8D860685}.Debug|Any CPU.ActiveCfg = Debug|Any CPU
		{E2418140-816A-4A96-A962-88FF8D860685}.Debug|Any CPU.Build.0 = Debug|Any CPU
		{E2418140-816A-4A96-A962-88FF8D860685}.Release|Any CPU.ActiveCfg = Release|Any CPU
		{E2418140-816A-4A96-A962-88FF8D860685}.Release|Any CPU.Build.0 = Release|Any CPU
		{4408C819-FA5F-46D3-AE72-F7E9358F6335}.Debug|Any CPU.ActiveCfg = Debug|Any CPU
		{4408C819-FA5F-46D3-AE72-F7E9358F6335}.Debug|Any CPU.Build.0 = Debug|Any CPU
		{4408C819-FA5F-46D3-AE72-F7E9358F6335}.Release|Any CPU.ActiveCfg = Release|Any CPU
		{4408C819-FA5F-46D3-AE72-F7E9358F6335}.Release|Any CPU.Build.0 = Release|Any CPU
		{7B7FC7BE-29F2-48E3-BFC6-4EBACAD91145}.Debug|Any CPU.ActiveCfg = Debug|Any CPU
		{7B7FC7BE-29F2-48E3-BFC6-4EBACAD91145}.Debug|Any CPU.Build.0 = Debug|Any CPU
		{7B7FC7BE-29F2-48E3-BFC6-4EBACAD91145}.Release|Any CPU.ActiveCfg = Release|Any CPU
		{7B7FC7BE-29F2-48E3-BFC6-4EBACAD91145}.Release|Any CPU.Build.0 = Release|Any CPU
		{A90D99B6-1208-43E8-8C6F-105450C31EDF}.Debug|Any CPU.ActiveCfg = Debug|Any CPU
		{A90D99B6-1208-43E8-8C6F-105450C31EDF}.Debug|Any CPU.Build.0 = Debug|Any CPU
		{A90D99B6-1208-43E8-8C6F-105450C31EDF}.Release|Any CPU.ActiveCfg = Release|Any CPU
		{A90D99B6-1208-43E8-8C6F-105450C31EDF}.Release|Any CPU.Build.0 = Release|Any CPU
		{B9560CE5-09D8-400A-BAA0-616C5A30D6B1}.Debug|Any CPU.ActiveCfg = Debug|Any CPU
		{B9560CE5-09D8-400A-BAA0-616C5A30D6B1}.Debug|Any CPU.Build.0 = Debug|Any CPU
		{B9560CE5-09D8-400A-BAA0-616C5A30D6B1}.Release|Any CPU.ActiveCfg = Release|Any CPU
		{B9560CE5-09D8-400A-BAA0-616C5A30D6B1}.Release|Any CPU.Build.0 = Release|Any CPU
		{7208D26A-69EC-43A9-B2A9-CB0C914BFDD0}.Debug|Any CPU.ActiveCfg = Debug|Any CPU
		{7208D26A-69EC-43A9-B2A9-CB0C914BFDD0}.Debug|Any CPU.Build.0 = Debug|Any CPU
		{7208D26A-69EC-43A9-B2A9-CB0C914BFDD0}.Release|Any CPU.ActiveCfg = Release|Any CPU
		{7208D26A-69EC-43A9-B2A9-CB0C914BFDD0}.Release|Any CPU.Build.0 = Release|Any CPU
		{5B667000-1357-44D0-A254-8BBC056481D6}.Debug|Any CPU.ActiveCfg = Debug|Any CPU
		{5B667000-1357-44D0-A254-8BBC056481D6}.Debug|Any CPU.Build.0 = Debug|Any CPU
		{5B667000-1357-44D0-A254-8BBC056481D6}.Release|Any CPU.ActiveCfg = Release|Any CPU
		{5B667000-1357-44D0-A254-8BBC056481D6}.Release|Any CPU.Build.0 = Release|Any CPU
		{EED3B3FB-BBFC-4254-8CEB-995B21CF05E8}.Debug|Any CPU.ActiveCfg = Debug|Any CPU
		{EED3B3FB-BBFC-4254-8CEB-995B21CF05E8}.Debug|Any CPU.Build.0 = Debug|Any CPU
		{EED3B3FB-BBFC-4254-8CEB-995B21CF05E8}.Release|Any CPU.ActiveCfg = Release|Any CPU
		{EED3B3FB-BBFC-4254-8CEB-995B21CF05E8}.Release|Any CPU.Build.0 = Release|Any CPU
		{114AB11D-0428-4109-B96E-09A63851DAF1}.Debug|Any CPU.ActiveCfg = Debug|Any CPU
		{114AB11D-0428-4109-B96E-09A63851DAF1}.Debug|Any CPU.Build.0 = Debug|Any CPU
		{114AB11D-0428-4109-B96E-09A63851DAF1}.Release|Any CPU.ActiveCfg = Release|Any CPU
		{114AB11D-0428-4109-B96E-09A63851DAF1}.Release|Any CPU.Build.0 = Release|Any CPU
		{A7FE1DBE-00D0-4F2D-9382-92A366516B1A}.Debug|Any CPU.ActiveCfg = Debug|Any CPU
		{A7FE1DBE-00D0-4F2D-9382-92A366516B1A}.Debug|Any CPU.Build.0 = Debug|Any CPU
		{A7FE1DBE-00D0-4F2D-9382-92A366516B1A}.Release|Any CPU.ActiveCfg = Release|Any CPU
		{A7FE1DBE-00D0-4F2D-9382-92A366516B1A}.Release|Any CPU.Build.0 = Release|Any CPU
		{7943E105-E2F0-47AC-81F7-15F60073B17E}.Debug|Any CPU.ActiveCfg = Debug|Any CPU
		{7943E105-E2F0-47AC-81F7-15F60073B17E}.Debug|Any CPU.Build.0 = Debug|Any CPU
		{7943E105-E2F0-47AC-81F7-15F60073B17E}.Release|Any CPU.ActiveCfg = Release|Any CPU
		{7943E105-E2F0-47AC-81F7-15F60073B17E}.Release|Any CPU.Build.0 = Release|Any CPU
		{AEE74CA4-81B7-47B7-98C7-54344935A10D}.Debug|Any CPU.ActiveCfg = Debug|Any CPU
		{AEE74CA4-81B7-47B7-98C7-54344935A10D}.Debug|Any CPU.Build.0 = Debug|Any CPU
		{AEE74CA4-81B7-47B7-98C7-54344935A10D}.Release|Any CPU.ActiveCfg = Release|Any CPU
		{AEE74CA4-81B7-47B7-98C7-54344935A10D}.Release|Any CPU.Build.0 = Release|Any CPU
		{F7C0421F-B650-47D4-A9A5-334E52008967}.Debug|Any CPU.ActiveCfg = Debug|Any CPU
		{F7C0421F-B650-47D4-A9A5-334E52008967}.Debug|Any CPU.Build.0 = Debug|Any CPU
		{F7C0421F-B650-47D4-A9A5-334E52008967}.Release|Any CPU.ActiveCfg = Release|Any CPU
		{F7C0421F-B650-47D4-A9A5-334E52008967}.Release|Any CPU.Build.0 = Release|Any CPU
		{4427DBE7-6734-45BE-B2BA-92F80023B096}.Debug|Any CPU.ActiveCfg = Debug|Any CPU
		{4427DBE7-6734-45BE-B2BA-92F80023B096}.Debug|Any CPU.Build.0 = Debug|Any CPU
		{4427DBE7-6734-45BE-B2BA-92F80023B096}.Release|Any CPU.ActiveCfg = Release|Any CPU
		{4427DBE7-6734-45BE-B2BA-92F80023B096}.Release|Any CPU.Build.0 = Release|Any CPU
	EndGlobalSection
	GlobalSection(SolutionProperties) = preSolution
		HideSolutionNode = FALSE
	EndGlobalSection
	GlobalSection(NestedProjects) = preSolution
		{94050F14-A711-4D10-A7C9-DFFBFDC9EFB9} = {02EA681E-C7D8-13C7-8484-4AC65E1B71E8}
		{E5F9F0B9-9230-4273-910D-20790B84F0FF} = {02EA681E-C7D8-13C7-8484-4AC65E1B71E8}
		{76A50AB3-1B94-4128-9642-861A4F67B80D} = {5758E679-54A8-489B-A0E5-146E70EF58EB}
		{E2418140-816A-4A96-A962-88FF8D860685} = {5758E679-54A8-489B-A0E5-146E70EF58EB}
		{4408C819-FA5F-46D3-AE72-F7E9358F6335} = {5758E679-54A8-489B-A0E5-146E70EF58EB}
		{7B7FC7BE-29F2-48E3-BFC6-4EBACAD91145} = {E5EBBCDC-94C8-496D-B9A7-A91CFEDA9930}
		{A90D99B6-1208-43E8-8C6F-105450C31EDF} = {E5EBBCDC-94C8-496D-B9A7-A91CFEDA9930}
		{B9560CE5-09D8-400A-BAA0-616C5A30D6B1} = {E5EBBCDC-94C8-496D-B9A7-A91CFEDA9930}
		{7208D26A-69EC-43A9-B2A9-CB0C914BFDD0} = {107CD192-4199-4AD7-AF13-67A028B950F5}
		{5B667000-1357-44D0-A254-8BBC056481D6} = {107CD192-4199-4AD7-AF13-67A028B950F5}
		{EED3B3FB-BBFC-4254-8CEB-995B21CF05E8} = {107CD192-4199-4AD7-AF13-67A028B950F5}
		{114AB11D-0428-4109-B96E-09A63851DAF1} = {7E1F77C8-EC1F-46AB-81C3-3FBCE8B68E51}
		{A7FE1DBE-00D0-4F2D-9382-92A366516B1A} = {7E1F77C8-EC1F-46AB-81C3-3FBCE8B68E51}
		{7943E105-E2F0-47AC-81F7-15F60073B17E} = {7E1F77C8-EC1F-46AB-81C3-3FBCE8B68E51}
		{AEE74CA4-81B7-47B7-98C7-54344935A10D} = {63F8924E-5119-44F9-ABAE-455165D439A9}
		{F7C0421F-B650-47D4-A9A5-334E52008967} = {63F8924E-5119-44F9-ABAE-455165D439A9}
		{4427DBE7-6734-45BE-B2BA-92F80023B096} = {63F8924E-5119-44F9-ABAE-455165D439A9}
	EndGlobalSection
	GlobalSection(ExtensibilityGlobals) = postSolution
		SolutionGuid = {6BC66D0D-3A5A-4A06-A61B-02104894730F}
	EndGlobalSection
EndGlobal
